
Microsoft Visual Studio Solution File, Format Version 12.00
# Visual Studio Version 16
VisualStudioVersion = 16.0.31025.194
MinimumVisualStudioVersion = 10.0.40219.1
Project("{FAE04EC0-301F-11D3-BF4B-00C04F79EFBC}") = "my-books", "my-books\my-books.csproj", "{29A05352-A2C6-4358-8460-54C597D8F553}"
EndProject
Global
	GlobalSection(SolutionConfigurationPlatforms) = preSolution
		Debug|Any CPU = Debug|Any CPU
		Release|Any CPU = Release|Any CPU
	EndGlobalSection
	GlobalSection(ProjectConfigurationPlatforms) = postSolution
		{29A05352-A2C6-4358-8460-54C597D8F553}.Debug|Any CPU.ActiveCfg = Debug|Any CPU
		{29A05352-A2C6-4358-8460-54C597D8F553}.Debug|Any CPU.Build.0 = Debug|Any CPU
		{29A05352-A2C6-4358-8460-54C597D8F553}.Release|Any CPU.ActiveCfg = Release|Any CPU
		{29A05352-A2C6-4358-8460-54C597D8F553}.Release|Any CPU.Build.0 = Release|Any CPU
	EndGlobalSection
	GlobalSection(SolutionProperties) = preSolution
		HideSolutionNode = FALSE
	EndGlobalSection
	GlobalSection(ExtensibilityGlobals) = postSolution
		SolutionGuid = {75398E6C-6D8C-49D0-A300-1C4A2B6AF663}
	EndGlobalSection
EndGlobal
